
Microsoft Visual Studio Solution File, Format Version 12.00
# Visual Studio Version 17
VisualStudioVersion = 17.9.34728.123
MinimumVisualStudioVersion = 10.0.40219.1
Project("{FAE04EC0-301F-11D3-BF4B-00C04F79EFBC}") = "QuotaRolloverTweaks", "QuotaRolloverTweaks\QuotaRolloverTweaks.csproj", "{EA55591A-2A00-4D63-9D8A-F37F0ABF8888}"
EndProject
Project("{2150E333-8FDC-42A3-9474-1A3956D46DE8}") = "Solution Items", "Solution Items", "{9F17D3C2-293E-49AB-A7CA-FB2388818A29}"
	ProjectSection(SolutionItems) = preProject
		README.md = README.md
	EndProjectSection
EndProject
Global
	GlobalSection(SolutionConfigurationPlatforms) = preSolution
		Debug|Any CPU = Debug|Any CPU
		Release|Any CPU = Release|Any CPU
	EndGlobalSection
	GlobalSection(ProjectConfigurationPlatforms) = postSolution
		{EA55591A-2A00-4D63-9D8A-F37F0ABF8888}.Debug|Any CPU.ActiveCfg = Debug|Any CPU
		{EA55591A-2A00-4D63-9D8A-F37F0ABF8888}.Debug|Any CPU.Build.0 = Debug|Any CPU
		{EA55591A-2A00-4D63-9D8A-F37F0ABF8888}.Release|Any CPU.ActiveCfg = Release|Any CPU
		{EA55591A-2A00-4D63-9D8A-F37F0ABF8888}.Release|Any CPU.Build.0 = Release|Any CPU
	EndGlobalSection
	GlobalSection(SolutionProperties) = preSolution
		HideSolutionNode = FALSE
	EndGlobalSection
	GlobalSection(ExtensibilityGlobals) = postSolution
		SolutionGuid = {747187A9-5DB7-49A9-9734-22C380851B83}
	EndGlobalSection
EndGlobal
